
Microsoft Visual Studio Solution File, Format Version 12.00
# Visual Studio Version 16
VisualStudioVersion = 16.0.30104.148
MinimumVisualStudioVersion = 10.0.40219.1
Project("{FAE04EC0-301F-11D3-BF4B-00C04F79EFBC}") = "IMC.Taxes.TaxJar", "IMC.Taxes.TaxJar\IMC.Taxes.TaxJar.csproj", "{2025F2BC-E5DD-40DD-B252-E586BA423354}"
EndProject
Project("{FAE04EC0-301F-11D3-BF4B-00C04F79EFBC}") = "IMC.Taxes.TaxJar.Tests", "IMC.Taxes.TaxJar.Tests\IMC.Taxes.TaxJar.Tests.csproj", "{6CB727E6-910F-4701-B208-D58DDC5AEACE}"
EndProject
Project("{FAE04EC0-301F-11D3-BF4B-00C04F79EFBC}") = "IMC.Taxes.Services", "IMC.Taxes.Services\IMC.Taxes.Services.csproj", "{E17E4AAB-D3B6-4592-948B-FD3D6C857E77}"
EndProject
Project("{FAE04EC0-301F-11D3-BF4B-00C04F79EFBC}") = "IMC.Taxes.Services.Tests", "IMC.Taxes.Services.Tests\IMC.Taxes.Services.Tests.csproj", "{E52C7047-96F0-4C9F-B0F2-76E7A7F703C8}"
EndProject
Global
	GlobalSection(SolutionConfigurationPlatforms) = preSolution
		Debug|Any CPU = Debug|Any CPU
		Release|Any CPU = Release|Any CPU
	EndGlobalSection
	GlobalSection(ProjectConfigurationPlatforms) = postSolution
		{2025F2BC-E5DD-40DD-B252-E586BA423354}.Debug|Any CPU.ActiveCfg = Debug|Any CPU
		{2025F2BC-E5DD-40DD-B252-E586BA423354}.Debug|Any CPU.Build.0 = Debug|Any CPU
		{2025F2BC-E5DD-40DD-B252-E586BA423354}.Release|Any CPU.ActiveCfg = Release|Any CPU
		{2025F2BC-E5DD-40DD-B252-E586BA423354}.Release|Any CPU.Build.0 = Release|Any CPU
		{6CB727E6-910F-4701-B208-D58DDC5AEACE}.Debug|Any CPU.ActiveCfg = Debug|Any CPU
		{6CB727E6-910F-4701-B208-D58DDC5AEACE}.Debug|Any CPU.Build.0 = Debug|Any CPU
		{6CB727E6-910F-4701-B208-D58DDC5AEACE}.Release|Any CPU.ActiveCfg = Release|Any CPU
		{6CB727E6-910F-4701-B208-D58DDC5AEACE}.Release|Any CPU.Build.0 = Release|Any CPU
		{E17E4AAB-D3B6-4592-948B-FD3D6C857E77}.Debug|Any CPU.ActiveCfg = Debug|Any CPU
		{E17E4AAB-D3B6-4592-948B-FD3D6C857E77}.Debug|Any CPU.Build.0 = Debug|Any CPU
		{E17E4AAB-D3B6-4592-948B-FD3D6C857E77}.Release|Any CPU.ActiveCfg = Release|Any CPU
		{E17E4AAB-D3B6-4592-948B-FD3D6C857E77}.Release|Any CPU.Build.0 = Release|Any CPU
		{E52C7047-96F0-4C9F-B0F2-76E7A7F703C8}.Debug|Any CPU.ActiveCfg = Debug|Any CPU
		{E52C7047-96F0-4C9F-B0F2-76E7A7F703C8}.Debug|Any CPU.Build.0 = Debug|Any CPU
		{E52C7047-96F0-4C9F-B0F2-76E7A7F703C8}.Release|Any CPU.ActiveCfg = Release|Any CPU
		{E52C7047-96F0-4C9F-B0F2-76E7A7F703C8}.Release|Any CPU.Build.0 = Release|Any CPU
	EndGlobalSection
	GlobalSection(SolutionProperties) = preSolution
		HideSolutionNode = FALSE
	EndGlobalSection
	GlobalSection(ExtensibilityGlobals) = postSolution
		SolutionGuid = {4418E068-DA78-4B28-9C0F-3ED8A1EB2AA2}
	EndGlobalSection
EndGlobal
